
Microsoft Visual Studio Solution File, Format Version 12.00
# Visual Studio Version 17
VisualStudioVersion = 17.13.35806.99 d17.13
MinimumVisualStudioVersion = 10.0.40219.1
Project("{FAE04EC0-301F-11D3-BF4B-00C04F79EFBC}") = "DigiMenuAPI", "DigiMenuAPI\DigiMenuAPI.csproj", "{B938FAE7-73BF-4D91-8EC5-FF92A1434D7A}"
EndProject
Project("{FAE04EC0-301F-11D3-BF4B-00C04F79EFBC}") = "AppCore", "AppCore\AppCore.csproj", "{A1B2C3D4-E5F6-7890-ABCD-EF1234567890}"
EndProject
Project("{2150E333-8FDC-42A3-9474-1A3956D46DE8}") = "tests", "tests", "{C1D2E3F4-A5B6-7890-CDEF-012345678901}"
EndProject
Project("{FAE04EC0-301F-11D3-BF4B-00C04F79EFBC}") = "AppCore.UnitTests", "tests\AppCore.UnitTests\AppCore.UnitTests.csproj", "{D1E2F3A4-B5C6-7890-DEF0-123456789012}"
EndProject
Project("{FAE04EC0-301F-11D3-BF4B-00C04F79EFBC}") = "DigiMenuAPI.UnitTests", "tests\DigiMenuAPI.UnitTests\DigiMenuAPI.UnitTests.csproj", "{E1F2A3B4-C5D6-7890-EF01-234567890123}"
EndProject
Project("{FAE04EC0-301F-11D3-BF4B-00C04F79EFBC}") = "DigiMenuAPI.IntegrationTests", "tests\DigiMenuAPI.IntegrationTests\DigiMenuAPI.IntegrationTests.csproj", "{F1A2B3C4-D5E6-7890-F012-345678901234}"
EndProject
Global
	GlobalSection(SolutionConfigurationPlatforms) = preSolution
		Debug|Any CPU = Debug|Any CPU
		Release|Any CPU = Release|Any CPU
	EndGlobalSection
	GlobalSection(ProjectConfigurationPlatforms) = postSolution
		{B938FAE7-73BF-4D91-8EC5-FF92A1434D7A}.Debug|Any CPU.ActiveCfg = Debug|Any CPU
		{B938FAE7-73BF-4D91-8EC5-FF92A1434D7A}.Debug|Any CPU.Build.0 = Debug|Any CPU
		{B938FAE7-73BF-4D91-8EC5-FF92A1434D7A}.Release|Any CPU.ActiveCfg = Release|Any CPU
		{B938FAE7-73BF-4D91-8EC5-FF92A1434D7A}.Release|Any CPU.Build.0 = Release|Any CPU
		{A1B2C3D4-E5F6-7890-ABCD-EF1234567890}.Debug|Any CPU.ActiveCfg = Debug|Any CPU
		{A1B2C3D4-E5F6-7890-ABCD-EF1234567890}.Debug|Any CPU.Build.0 = Debug|Any CPU
		{A1B2C3D4-E5F6-7890-ABCD-EF1234567890}.Release|Any CPU.ActiveCfg = Release|Any CPU
		{A1B2C3D4-E5F6-7890-ABCD-EF1234567890}.Release|Any CPU.Build.0 = Release|Any CPU
		{D1E2F3A4-B5C6-7890-DEF0-123456789012}.Debug|Any CPU.ActiveCfg = Debug|Any CPU
		{D1E2F3A4-B5C6-7890-DEF0-123456789012}.Debug|Any CPU.Build.0 = Debug|Any CPU
		{D1E2F3A4-B5C6-7890-DEF0-123456789012}.Release|Any CPU.ActiveCfg = Release|Any CPU
		{D1E2F3A4-B5C6-7890-DEF0-123456789012}.Release|Any CPU.Build.0 = Release|Any CPU
		{E1F2A3B4-C5D6-7890-EF01-234567890123}.Debug|Any CPU.ActiveCfg = Debug|Any CPU
		{E1F2A3B4-C5D6-7890-EF01-234567890123}.Debug|Any CPU.Build.0 = Debug|Any CPU
		{E1F2A3B4-C5D6-7890-EF01-234567890123}.Release|Any CPU.ActiveCfg = Release|Any CPU
		{E1F2A3B4-C5D6-7890-EF01-234567890123}.Release|Any CPU.Build.0 = Release|Any CPU
		{F1A2B3C4-D5E6-7890-F012-345678901234}.Debug|Any CPU.ActiveCfg = Debug|Any CPU
		{F1A2B3C4-D5E6-7890-F012-345678901234}.Debug|Any CPU.Build.0 = Debug|Any CPU
		{F1A2B3C4-D5E6-7890-F012-345678901234}.Release|Any CPU.ActiveCfg = Release|Any CPU
		{F1A2B3C4-D5E6-7890-F012-345678901234}.Release|Any CPU.Build.0 = Release|Any CPU
	EndGlobalSection
	GlobalSection(SolutionProperties) = preSolution
		HideSolutionNode = FALSE
	EndGlobalSection
	GlobalSection(NestedProjects) = preSolution
		{D1E2F3A4-B5C6-7890-DEF0-123456789012} = {C1D2E3F4-A5B6-7890-CDEF-012345678901}
		{E1F2A3B4-C5D6-7890-EF01-234567890123} = {C1D2E3F4-A5B6-7890-CDEF-012345678901}
		{F1A2B3C4-D5E6-7890-F012-345678901234} = {C1D2E3F4-A5B6-7890-CDEF-012345678901}
	EndGlobalSection
	GlobalSection(ExtensibilityGlobals) = postSolution
		SolutionGuid = {36954139-5502-4DFB-90AC-EEC69F35A92B}
	EndGlobalSection
EndGlobal
