
Microsoft Visual Studio Solution File, Format Version 12.00
# Visual Studio Version 17
VisualStudioVersion = 17.13.35806.99 d17.13
MinimumVisualStudioVersion = 10.0.40219.1
Project("{FAE04EC0-301F-11D3-BF4B-00C04F79EFBC}") = "DigiMenuAPI", "DigiMenuAPI\DigiMenuAPI.csproj", "{B938FAE7-73BF-4D91-8EC5-FF92A1434D7A}"
EndProject
Project("{FAE04EC0-301F-11D3-BF4B-00C04F79EFBC}") = "AppCore", "AppCore\AppCore.csproj", "{A1B2C3D4-E5F6-7890-ABCD-EF1234567890}"
EndProject
Global
	GlobalSection(SolutionConfigurationPlatforms) = preSolution
		Debug|Any CPU = Debug|Any CPU
		Release|Any CPU = Release|Any CPU
	EndGlobalSection
	GlobalSection(ProjectConfigurationPlatforms) = postSolution
		{B938FAE7-73BF-4D91-8EC5-FF92A1434D7A}.Debug|Any CPU.ActiveCfg = Debug|Any CPU
		{B938FAE7-73BF-4D91-8EC5-FF92A1434D7A}.Debug|Any CPU.Build.0 = Debug|Any CPU
		{B938FAE7-73BF-4D91-8EC5-FF92A1434D7A}.Release|Any CPU.ActiveCfg = Release|Any CPU
		{B938FAE7-73BF-4D91-8EC5-FF92A1434D7A}.Release|Any CPU.Build.0 = Release|Any CPU
		{A1B2C3D4-E5F6-7890-ABCD-EF1234567890}.Debug|Any CPU.ActiveCfg = Debug|Any CPU
		{A1B2C3D4-E5F6-7890-ABCD-EF1234567890}.Debug|Any CPU.Build.0 = Debug|Any CPU
		{A1B2C3D4-E5F6-7890-ABCD-EF1234567890}.Release|Any CPU.ActiveCfg = Release|Any CPU
		{A1B2C3D4-E5F6-7890-ABCD-EF1234567890}.Release|Any CPU.Build.0 = Release|Any CPU
	EndGlobalSection
	GlobalSection(SolutionProperties) = preSolution
		HideSolutionNode = FALSE
	EndGlobalSection
	GlobalSection(ExtensibilityGlobals) = postSolution
		SolutionGuid = {36954139-5502-4DFB-90AC-EEC69F35A92B}
	EndGlobalSection
EndGlobal
